PODS:
  - MZFayeClient (1.0.3):
    - SocketRocket
  - SocketRocket (0.5.1)

DEPENDENCIES:
  - MZFayeClient (from `https://github.com/iThinker/MZFayeClient.git`, commit `19bee59`)

EXTERNAL SOURCES:
  MZFayeClient:
    :commit: 19bee59
    :git: https://github.com/iThinker/MZFayeClient.git

CHECKOUT OPTIONS:
  MZFayeClient:
    :commit: 19bee59
    :git: https://github.com/iThinker/MZFayeClient.git

SPEC CHECKSUMS:
  MZFayeClient: ac3defb0026d26f025444eeb021117be9cab4642
  SocketRocket: d57c7159b83c3c6655745cd15302aa24b6bae531

PODFILE CHECKSUM: 57675d155ec247641c8bc56bab2af83edb1e66f6

COCOAPODS: 1.0.1
