PODS:
  - MZFayeClient (1.0.3):
    - SocketRocket
  - SocketRocket (0.5.1)

DEPENDENCIES:
  - MZFayeClient (= 1.0.3)

SPEC CHECKSUMS:
  MZFayeClient: ac3defb0026d26f025444eeb021117be9cab4642
  SocketRocket: d57c7159b83c3c6655745cd15302aa24b6bae531

PODFILE CHECKSUM: 8a4cbc8b6c53c9ce26120d76c67e12947f9985aa

COCOAPODS: 1.0.1
